// !$*UTF8*$!
{
	archiveVersion = 1;
	classes = {
	};
	objectVersion = 48;
	objects = {

/* Begin PBXBuildFile section */
		AE3C0B102085703E008344D1 /* AboutUsViewController.swift in Sources */ = {isa = PBXBuildFile; fileRef = AE3C0B0F2085703E008344D1 /* AboutUsViewController.swift */; };
		AE902899207C2D5F00F4362A /* AppDelegate.swift in Sources */ = {isa = PBXBuildFile; fileRef = AE902898207C2D5F00F4362A /* AppDelegate.swift */; };
		AE90289B207C2D5F00F4362A /* ViewController.swift in Sources */ = {isa = PBXBuildFile; fileRef = AE90289A207C2D5F00F4362A /* ViewController.swift */; };
		AE90289E207C2D5F00F4362A /* Main.storyboard in Resources */ = {isa = PBXBuildFile; fileRef = AE90289C207C2D5F00F4362A /* Main.storyboard */; };
		AE9028A0207C2D5F00F4362A /* Assets.xcassets in Resources */ = {isa = PBXBuildFile; fileRef = AE90289F207C2D5F00F4362A /* Assets.xcassets */; };
		AE9028A3207C2D5F00F4362A /* LaunchScreen.storyboard in Resources */ = {isa = PBXBuildFile; fileRef = AE9028A1207C2D5F00F4362A /* LaunchScreen.storyboard */; };
/* End PBXBuildFile section */

/* Begin PBXFileReference section */
		AE3C0B0F2085703E008344D1 /* AboutUsViewController.swift */ = {isa = PBXFileReference; lastKnownFileType = sourcecode.swift; path = AboutUsViewController.swift; sourceTree = "<group>"; };
		AE902895207C2D5F00F4362A /* AimForThat.app */ = {isa = PBXFileReference; explicitFileType = wrapper.application; includeInIndex = 0; path = AimForThat.app; sourceTree = BUILT_PRODUCTS_DIR; };
		AE902898207C2D5F00F4362A /* AppDelegate.swift */ = {isa = PBXFileReference; lastKnownFileType = sourcecode.swift; path = AppDelegate.swift; sourceTree = "<group>"; };
		AE90289A207C2D5F00F4362A /* ViewController.swift */ = {isa = PBXFileReference; lastKnownFileType = sourcecode.swift; path = ViewController.swift; sourceTree = "<group>"; };
		AE90289D207C2D5F00F4362A /* Base */ = {isa = PBXFileReference; lastKnownFileType = file.storyboard; name = Base; path = Base.lproj/Main.storyboard; sourceTree = "<group>"; };
		AE90289F207C2D5F00F4362A /* Assets.xcassets */ = {isa = PBXFileReference; lastKnownFileType = folder.assetcatalog; path = Assets.xcassets; sourceTree = "<group>"; };
		AE9028A2207C2D5F00F4362A /* Base */ = {isa = PBXFileReference; lastKnownFileType = file.storyboard; name = Base; path = Base.lproj/LaunchScreen.storyboard; sourceTree = "<group>"; };
		AE9028A4207C2D5F00F4362A /* Info.plist */ = {isa = PBXFileReference; lastKnownFileType = text.plist.xml; path = Info.plist; sourceTree = "<group>"; };
/* End PBXFileReference section */

/* Begin PBXFrameworksBuildPhase section */
		AE902892207C2D5F00F4362A /* Frameworks */ = {
			isa = PBXFrameworksBuildPhase;
			buildActionMask = 2147483647;
			files = (
			);
			runOnlyForDeploymentPostprocessing = 0;
		};
/* End PBXFrameworksBuildPhase section */

/* Begin PBXGroup section */
		AE90288C207C2D5F00F4362A = {
			isa = PBXGroup;
			children = (
				AE902897207C2D5F00F4362A /* AimForThat */,
				AE902896207C2D5F00F4362A /* Products */,
			);
			sourceTree = "<group>";
		};
		AE902896207C2D5F00F4362A /* Products */ = {
			isa = PBXGroup;
			children = (
				AE902895207C2D5F00F4362A /* AimForThat.app */,
			);
			name = Products;
			sourceTree = "<group>";
		};
		AE902897207C2D5F00F4362A /* AimForThat */ = {
			isa = PBXGroup;
			children = (
				AE902898207C2D5F00F4362A /* AppDelegate.swift */,
				AE90289A207C2D5F00F4362A /* ViewController.swift */,
				AE90289C207C2D5F00F4362A /* Main.storyboard */,
				AE3C0B0F2085703E008344D1 /* AboutUsViewController.swift */,
				AE90289F207C2D5F00F4362A /* Assets.xcassets */,
				AE9028A1207C2D5F00F4362A /* LaunchScreen.storyboard */,
				AE9028A4207C2D5F00F4362A /* Info.plist */,
			);
			path = AimForThat;
			sourceTree = "<group>";
		};
/* End PBXGroup section */

/* Begin PBXNativeTarget section */
		AE902894207C2D5F00F4362A /* AimForThat */ = {
			isa = PBXNativeTarget;
			buildConfigurationList = AE9028A7207C2D5F00F4362A /* Build configuration list for PBXNativeTarget "AimForThat" */;
			buildPhases = (
				AE902891207C2D5F00F4362A /* Sources */,
				AE902892207C2D5F00F4362A /* Frameworks */,
				AE902893207C2D5F00F4362A /* Resources */,
			);
			buildRules = (
			);
			dependencies = (
			);
			name = AimForThat;
			productName = AimForThat;
			productReference = AE902895207C2D5F00F4362A /* AimForThat.app */;
			productType = "com.apple.product-type.application";
		};
/* End PBXNativeTarget section */

/* Begin PBXProject section */
		AE90288D207C2D5F00F4362A /* Project object */ = {
			isa = PBXProject;
			attributes = {
				LastSwiftUpdateCheck = 0920;
				LastUpgradeCheck = 0920;
				ORGANIZATIONNAME = AngelReyes;
				TargetAttributes = {
					AE902894207C2D5F00F4362A = {
						CreatedOnToolsVersion = 9.2;
						ProvisioningStyle = Automatic;
					};
				};
			};
			buildConfigurationList = AE902890207C2D5F00F4362A /* Build configuration list for PBXProject "AimForThat" */;
			compatibilityVersion = "Xcode 8.0";
			developmentRegion = en;
			hasScannedForEncodings = 0;
			knownRegions = (
				en,
				Base,
			);
			mainGroup = AE90288C207C2D5F00F4362A;
			productRefGroup = AE902896207C2D5F00F4362A /* Products */;
			projectDirPath = "";
			projectRoot = "";
			targets = (
				AE902894207C2D5F00F4362A /* AimForThat */,
			);
		};
/* End PBXProject section */

/* Begin PBXResourcesBuildPhase section */
		AE902893207C2D5F00F4362A /* Resources */ = {
			isa = PBXResourcesBuildPhase;
			buildActionMask = 2147483647;
			files = (
				AE9028A3207C2D5F00F4362A /* LaunchScreen.storyboard in Resources */,
				AE9028A0207C2D5F00F4362A /* Assets.xcassets in Resources */,
				AE90289E207C2D5F00F4362A /* Main.storyboard in Resources */,
			);
			runOnlyForDeploymentPostprocessing = 0;
		};
/* End PBXResourcesBuildPhase section */

/* Begin PBXSourcesBuildPhase section */
		AE902891207C2D5F00F4362A /* Sources */ = {
			isa = PBXSourcesBuildPhase;
			buildActionMask = 2147483647;
			files = (
				AE90289B207C2D5F00F4362A /* ViewController.swift in Sources */,
				AE3C0B102085703E008344D1 /* AboutUsViewController.swift in Sources */,
				AE902899207C2D5F00F4362A /* AppDelegate.swift in Sources */,
			);
			runOnlyForDeploymentPostprocessing = 0;
		};
/* End PBXSourcesBuildPhase section */

/* Begin PBXVariantGroup section */
		AE90289C207C2D5F00F4362A /* Main.storyboard */ = {
			isa = PBXVariantGroup;
			children = (
				AE90289D207C2D5F00F4362A /* Base */,
			);
			name = Main.storyboard;
			sourceTree = "<group>";
		};
		AE9028A1207C2D5F00F4362A /* LaunchScreen.storyboard */ = {
			isa = PBXVariantGroup;
			children = (
				AE9028A2207C2D5F00F4362A /* Base */,
			);
			name = LaunchScreen.storyboard;
			sourceTree = "<group>";
		};
/* End PBXVariantGroup section */

/* Begin XCBuildConfiguration section */
		AE9028A5207C2D5F00F4362A /* Debug */ = {
			isa = XCBuildConfiguration;
			buildSettings = {
				ALWAYS_SEARCH_USER_PATHS = NO;
				CLANG_ANALYZER_NONNULL = YES;
				CLANG_ANALYZER_NUMBER_OBJECT_CONVERSION = YES_AGGRESSIVE;
				CLANG_CXX_LANGUAGE_STANDARD = "gnu++14";
				CLANG_CXX_LIBRARY = "libc++";
				CLANG_ENABLE_MODULES = YES;
				CLANG_ENABLE_OBJC_ARC = YES;
				CLANG_WARN_BLOCK_CAPTURE_AUTORELEASING = YES;
				CLANG_WARN_BOOL_CONVERSION = YES;
				CLANG_WARN_COMMA = YES;
				CLANG_WARN_CONSTANT_CONVERSION = YES;
				CLANG_WARN_DIRECT_OBJC_ISA_USAGE = YES_ERROR;
				CLANG_WARN_DOCUMENTATION_COMMENTS = YES;
				CLANG_WARN_EMPTY_BODY = YES;
				CLANG_WARN_ENUM_CONVERSION = YES;
				CLANG_WARN_INFINITE_RECURSION = YES;
				CLANG_WARN_INT_CONVERSION = YES;
				CLANG_WARN_NON_LITERAL_NULL_CONVERSION = YES;
				CLANG_WARN_OBJC_LITERAL_CONVERSION = YES;
				CLANG_WARN_OBJC_ROOT_CLASS = YES_ERROR;
				CLANG_WARN_RANGE_LOOP_ANALYSIS = YES;
				CLANG_WARN_STRICT_PROTOTYPES = YES;
				CLANG_WARN_SUSPICIOUS_MOVE = YES;
				CLANG_WARN_UNGUARDED_AVAILABILITY = YES_AGGRESSIVE;
				CLANG_WARN_UNREACHABLE_CODE = YES;
				CLANG_WARN__DUPLICATE_METHOD_MATCH = YES;
				CODE_SIGN_IDENTITY = "iPhone Developer";
				COPY_PHASE_STRIP = NO;
				DEBUG_INFORMATION_FORMAT = dwarf;
				ENABLE_STRICT_OBJC_MSGSEND = YES;
				ENABLE_TESTABILITY = YES;
				GCC_C_LANGUAGE_STANDARD = gnu11;
				GCC_DYNAMIC_NO_PIC = NO;
				GCC_NO_COMMON_BLOCKS = YES;
				GCC_OPTIMIZATION_LEVEL = 0;
				GCC_PREPROCESSOR_DEFINITIONS = (
					"DEBUG=1",
					"$(inherited)",
				);
				GCC_WARN_64_TO_32_BIT_CONVERSION = YES;
				GCC_WARN_ABOUT_RETURN_TYPE = YES_ERROR;
				GCC_WARN_UNDECLARED_SELECTOR = YES;
				GCC_WARN_UNINITIALIZED_AUTOS = YES_AGGRESSIVE;
				GCC_WARN_UNUSED_FUNCTION = YES;
				GCC_WARN_UNUSED_VARIABLE = YES;
				IPHONEOS_DEPLOYMENT_TARGET = 11.2;
				MTL_ENABLE_DEBUG_INFO = YES;
				ONLY_ACTIVE_ARCH = YES;
				SDKROOT = iphoneos;
				SWIFT_ACTIVE_COMPILATION_CONDITIONS = DEBUG;
				SWIFT_OPTIMIZATION_LEVEL = "-Onone";
			};
			name = Debug;
		};
		AE9028A6207C2D5F00F4362A /* Release */ = {
			isa = XCBuildConfiguration;
			buildSettings = {
				ALWAYS_SEARCH_USER_PATHS = NO;
				CLANG_ANALYZER_NONNULL = YES;
				CLANG_ANALYZER_NUMBER_OBJECT_CONVERSION = YES_AGGRESSIVE;
				CLANG_CXX_LANGUAGE_STANDARD = "gnu++14";
				CLANG_CXX_LIBRARY = "libc++";
				CLANG_ENABLE_MODULES = YES;
				CLANG_ENABLE_OBJC_ARC = YES;
				CLANG_WARN_BLOCK_CAPTURE_AUTORELEASING = YES;
				CLANG_WARN_BOOL_CONVERSION = YES;
				CLANG_WARN_COMMA = YES;
				CLANG_WARN_CONSTANT_CONVERSION = YES;
				CLANG_WARN_DIRECT_OBJC_ISA_USAGE = YES_ERROR;
				CLANG_WARN_DOCUMENTATION_COMMENTS = YES;
				CLANG_WARN_EMPTY_BODY = YES;
				CLANG_WARN_ENUM_CONVERSION = YES;
				CLANG_WARN_INFINITE_RECURSION = YES;
				CLANG_WARN_INT_CONVERSION = YES;
				CLANG_WARN_NON_LITERAL_NULL_CONVERSION = YES;
				CLANG_WARN_OBJC_LITERAL_CONVERSION = YES;
				CLANG_WARN_OBJC_ROOT_CLASS = YES_ERROR;
				CLANG_WARN_RANGE_LOOP_ANALYSIS = YES;
				CLANG_WARN_STRICT_PROTOTYPES = YES;
				CLANG_WARN_SUSPICIOUS_MOVE = YES;
				CLANG_WARN_UNGUARDED_AVAILABILITY = YES_AGGRESSIVE;
				CLANG_WARN_UNREACHABLE_CODE = YES;
				CLANG_WARN__DUPLICATE_METHOD_MATCH = YES;
				CODE_SIGN_IDENTITY = "iPhone Developer";
				COPY_PHASE_STRIP = NO;
				DEBUG_INFORMATION_FORMAT = "dwarf-with-dsym";
				ENABLE_NS_ASSERTIONS = NO;
				ENABLE_STRICT_OBJC_MSGSEND = YES;
				GCC_C_LANGUAGE_STANDARD = gnu11;
				GCC_NO_COMMON_BLOCKS = YES;
				GCC_WARN_64_TO_32_BIT_CONVERSION = YES;
				GCC_WARN_ABOUT_RETURN_TYPE = YES_ERROR;
				GCC_WARN_UNDECLARED_SELECTOR = YES;
				GCC_WARN_UNINITIALIZED_AUTOS = YES_AGGRESSIVE;
				GCC_WARN_UNUSED_FUNCTION = YES;
				GCC_WARN_UNUSED_VARIABLE = YES;
				IPHONEOS_DEPLOYMENT_TARGET = 11.2;
				MTL_ENABLE_DEBUG_INFO = NO;
				SDKROOT = iphoneos;
				SWIFT_OPTIMIZATION_LEVEL = "-Owholemodule";
				VALIDATE_PRODUCT = YES;
			};
			name = Release;
		};
		AE9028A8207C2D5F00F4362A /* Debug */ = {
			isa = XCBuildConfiguration;
			buildSettings = {
				ASSETCATALOG_COMPILER_APPICON_NAME = AppIcon;
				CODE_SIGN_STYLE = Automatic;
				INFOPLIST_FILE = AimForThat/Info.plist;
				LD_RUNPATH_SEARCH_PATHS = "$(inherited) @executable_path/Frameworks";
				PRODUCT_BUNDLE_IDENTIFIER = com.angelReyes.AimForThat;
				PRODUCT_NAME = "$(TARGET_NAME)";
				SWIFT_VERSION = 4.0;
				TARGETED_DEVICE_FAMILY = "1,2";
			};
			name = Debug;
		};
		AE9028A9207C2D5F00F4362A /* Release */ = {
			isa = XCBuildConfiguration;
			buildSettings = {
				ASSETCATALOG_COMPILER_APPICON_NAME = AppIcon;
				CODE_SIGN_STYLE = Automatic;
				INFOPLIST_FILE = AimForThat/Info.plist;
				LD_RUNPATH_SEARCH_PATHS = "$(inherited) @executable_path/Frameworks";
				PRODUCT_BUNDLE_IDENTIFIER = com.angelReyes.AimForThat;
				PRODUCT_NAME = "$(TARGET_NAME)";
				SWIFT_VERSION = 4.0;
				TARGETED_DEVICE_FAMILY = "1,2";
			};
			name = Release;
		};
/* End XCBuildConfiguration section */

/* Begin XCConfigurationList section */
		AE902890207C2D5F00F4362A /* Build configuration list for PBXProject "AimForThat" */ = {
			isa = XCConfigurationList;
			buildConfigurations = (
				AE9028A5207C2D5F00F4362A /* Debug */,
				AE9028A6207C2D5F00F4362A /* Release */,
			);
			defaultConfigurationIsVisible = 0;
			defaultConfigurationName = Release;
		};
		AE9028A7207C2D5F00F4362A /* Build configuration list for PBXNativeTarget "AimForThat" */ = {
			isa = XCConfigurationList;
			buildConfigurations = (
				AE9028A8207C2D5F00F4362A /* Debug */,
				AE9028A9207C2D5F00F4362A /* Release */,
			);
			defaultConfigurationIsVisible = 0;
			defaultConfigurationName = Release;
		};
/* End XCConfigurationList section */
	};
	rootObject = AE90288D207C2D5F00F4362A /* Project object */;
}
